// !$*UTF8*$!
{
	archiveVersion = 1;
	classes = {
	};
	objectVersion = 56;
	objects = {

/* Begin PBXBuildFile section */
		C335D32E28B1495900D1E350 /* City.swift in Sources */ = {isa = PBXBuildFile; fileRef = C335D32D28B1495900D1E350 /* City.swift */; };
		C335D33028B156E000D1E350 /* CityDataService.swift in Sources */ = {isa = PBXBuildFile; fileRef = C335D32F28B156E000D1E350 /* CityDataService.swift */; };
		C335D33228B1577C00D1E350 /* SearchBar.swift in Sources */ = {isa = PBXBuildFile; fileRef = C335D33128B1577C00D1E350 /* SearchBar.swift */; };
		C335D33428B157CC00D1E350 /* CityDetailView.swift in Sources */ = {isa = PBXBuildFile; fileRef = C335D33328B157CC00D1E350 /* CityDetailView.swift */; };
		C335D33628B1584000D1E350 /* MapView.swift in Sources */ = {isa = PBXBuildFile; fileRef = C335D33528B1584000D1E350 /* MapView.swift */; };
		C335D33828B1592E00D1E350 /* CitySearchView.swift in Sources */ = {isa = PBXBuildFile; fileRef = C335D33728B1592E00D1E350 /* CitySearchView.swift */; };
		C335D33A28B159F100D1E350 /* CityInfoView.swift in Sources */ = {isa = PBXBuildFile; fileRef = C335D33928B159F100D1E350 /* CityInfoView.swift */; };
		C335D33C28B15A6C00D1E350 /* CityListView.swift in Sources */ = {isa = PBXBuildFile; fileRef = C335D33B28B15A6C00D1E350 /* CityListView.swift */; };
		C335D33E28B164EA00D1E350 /* CityEmptyListView.swift in Sources */ = {isa = PBXBuildFile; fileRef = C335D33D28B164EA00D1E350 /* CityEmptyListView.swift */; };
		C335D34028B165FE00D1E350 /* CityMainView.swift in Sources */ = {isa = PBXBuildFile; fileRef = C335D33F28B165FE00D1E350 /* CityMainView.swift */; };
		C335D34328B1758F00D1E350 /* WeatherEmptyView.swift in Sources */ = {isa = PBXBuildFile; fileRef = C335D34228B1758F00D1E350 /* WeatherEmptyView.swift */; };
		C335D34528B193B900D1E350 /* OpenWeather.gif in Resources */ = {isa = PBXBuildFile; fileRef = C335D34428B193B900D1E350 /* OpenWeather.gif */; };
		C339871128B0564D00260687 /* WeatherView.swift in Sources */ = {isa = PBXBuildFile; fileRef = C339871028B0564D00260687 /* WeatherView.swift */; };
		C339871328B056D200260687 /* OpenWeather.swift in Sources */ = {isa = PBXBuildFile; fileRef = C339871228B056D200260687 /* OpenWeather.swift */; };
		C339871528B0570200260687 /* OpenWeatherDataService.swift in Sources */ = {isa = PBXBuildFile; fileRef = C339871428B0570200260687 /* OpenWeatherDataService.swift */; };
		C339871828B08E4E00260687 /* Extension.swift in Sources */ = {isa = PBXBuildFile; fileRef = C339871728B08E4E00260687 /* Extension.swift */; };
		C33A763628B0291A0094C3AD /* OpenWeatherAppApp.swift in Sources */ = {isa = PBXBuildFile; fileRef = C33A763528B0291A0094C3AD /* OpenWeatherAppApp.swift */; };
		C33A763828B0291A0094C3AD /* MainView.swift in Sources */ = {isa = PBXBuildFile; fileRef = C33A763728B0291A0094C3AD /* MainView.swift */; };
		C33A763A28B029200094C3AD /* Assets.xcassets in Resources */ = {isa = PBXBuildFile; fileRef = C33A763928B029200094C3AD /* Assets.xcassets */; };
		C33A763D28B029200094C3AD /* Preview Assets.xcassets in Resources */ = {isa = PBXBuildFile; fileRef = C33A763C28B029200094C3AD /* Preview Assets.xcassets */; };
/* End PBXBuildFile section */

/* Begin PBXFileReference section */
		C335D32D28B1495900D1E350 /* City.swift */ = {isa = PBXFileReference; lastKnownFileType = sourcecode.swift; path = City.swift; sourceTree = "<group>"; };
		C335D32F28B156E000D1E350 /* CityDataService.swift */ = {isa = PBXFileReference; lastKnownFileType = sourcecode.swift; path = CityDataService.swift; sourceTree = "<group>"; };
		C335D33128B1577C00D1E350 /* SearchBar.swift */ = {isa = PBXFileReference; lastKnownFileType = sourcecode.swift; path = SearchBar.swift; sourceTree = "<group>"; };
		C335D33328B157CC00D1E350 /* CityDetailView.swift */ = {isa = PBXFileReference; lastKnownFileType = sourcecode.swift; path = CityDetailView.swift; sourceTree = "<group>"; };
		C335D33528B1584000D1E350 /* MapView.swift */ = {isa = PBXFileReference; lastKnownFileType = sourcecode.swift; path = MapView.swift; sourceTree = "<group>"; };
		C335D33728B1592E00D1E350 /* CitySearchView.swift */ = {isa = PBXFileReference; lastKnownFileType = sourcecode.swift; path = CitySearchView.swift; sourceTree = "<group>"; };
		C335D33928B159F100D1E350 /* CityInfoView.swift */ = {isa = PBXFileReference; lastKnownFileType = sourcecode.swift; path = CityInfoView.swift; sourceTree = "<group>"; };
		C335D33B28B15A6C00D1E350 /* CityListView.swift */ = {isa = PBXFileReference; lastKnownFileType = sourcecode.swift; path = CityListView.swift; sourceTree = "<group>"; };
		C335D33D28B164EA00D1E350 /* CityEmptyListView.swift */ = {isa = PBXFileReference; lastKnownFileType = sourcecode.swift; path = CityEmptyListView.swift; sourceTree = "<group>"; };
		C335D33F28B165FE00D1E350 /* CityMainView.swift */ = {isa = PBXFileReference; lastKnownFileType = sourcecode.swift; path = CityMainView.swift; sourceTree = "<group>"; };
		C335D34128B1726900D1E350 /* Info.plist */ = {isa = PBXFileReference; lastKnownFileType = text.plist; path = Info.plist; sourceTree = "<group>"; };
		C335D34228B1758F00D1E350 /* WeatherEmptyView.swift */ = {isa = PBXFileReference; lastKnownFileType = sourcecode.swift; path = WeatherEmptyView.swift; sourceTree = "<group>"; };
		C335D34428B193B900D1E350 /* OpenWeather.gif */ = {isa = PBXFileReference; lastKnownFileType = image.gif; path = OpenWeather.gif; sourceTree = "<group>"; };
		C335D34628B193D900D1E350 /* README.md */ = {isa = PBXFileReference; lastKnownFileType = net.daringfireball.markdown; path = README.md; sourceTree = "<group>"; };
		C339871028B0564D00260687 /* WeatherView.swift */ = {isa = PBXFileReference; lastKnownFileType = sourcecode.swift; path = WeatherView.swift; sourceTree = "<group>"; };
		C339871228B056D200260687 /* OpenWeather.swift */ = {isa = PBXFileReference; lastKnownFileType = sourcecode.swift; path = OpenWeather.swift; sourceTree = "<group>"; };
		C339871428B0570200260687 /* OpenWeatherDataService.swift */ = {isa = PBXFileReference; lastKnownFileType = sourcecode.swift; path = OpenWeatherDataService.swift; sourceTree = "<group>"; };
		C339871728B08E4E00260687 /* Extension.swift */ = {isa = PBXFileReference; lastKnownFileType = sourcecode.swift; path = Extension.swift; sourceTree = "<group>"; };
		C33A763228B0291A0094C3AD /* OpenWeatherApp.app */ = {isa = PBXFileReference; explicitFileType = wrapper.application; includeInIndex = 0; path = OpenWeatherApp.app; sourceTree = BUILT_PRODUCTS_DIR; };
		C33A763528B0291A0094C3AD /* OpenWeatherAppApp.swift */ = {isa = PBXFileReference; lastKnownFileType = sourcecode.swift; path = OpenWeatherAppApp.swift; sourceTree = "<group>"; };
		C33A763728B0291A0094C3AD /* MainView.swift */ = {isa = PBXFileReference; lastKnownFileType = sourcecode.swift; path = MainView.swift; sourceTree = "<group>"; };
		C33A763928B029200094C3AD /* Assets.xcassets */ = {isa = PBXFileReference; lastKnownFileType = folder.assetcatalog; path = Assets.xcassets; sourceTree = "<group>"; };
		C33A763C28B029200094C3AD /* Preview Assets.xcassets */ = {isa = PBXFileReference; lastKnownFileType = folder.assetcatalog; path = "Preview Assets.xcassets"; sourceTree = "<group>"; };
/* End PBXFileReference section */

/* Begin PBXFrameworksBuildPhase section */
		C33A762F28B0291A0094C3AD /* Frameworks */ = {
			isa = PBXFrameworksBuildPhase;
			buildActionMask = 2147483647;
			files = (
			);
			runOnlyForDeploymentPostprocessing = 0;
		};
/* End PBXFrameworksBuildPhase section */

/* Begin PBXGroup section */
		C339870D28B055E600260687 /* View */ = {
			isa = PBXGroup;
			children = (
				C339871028B0564D00260687 /* WeatherView.swift */,
				C335D33128B1577C00D1E350 /* SearchBar.swift */,
				C335D33328B157CC00D1E350 /* CityDetailView.swift */,
				C335D33528B1584000D1E350 /* MapView.swift */,
				C335D33728B1592E00D1E350 /* CitySearchView.swift */,
				C335D33928B159F100D1E350 /* CityInfoView.swift */,
				C335D33B28B15A6C00D1E350 /* CityListView.swift */,
				C335D33D28B164EA00D1E350 /* CityEmptyListView.swift */,
				C335D33F28B165FE00D1E350 /* CityMainView.swift */,
				C335D34228B1758F00D1E350 /* WeatherEmptyView.swift */,
			);
			path = View;
			sourceTree = "<group>";
		};
		C339870E28B055EE00260687 /* DataObject */ = {
			isa = PBXGroup;
			children = (
				C339871228B056D200260687 /* OpenWeather.swift */,
				C335D32D28B1495900D1E350 /* City.swift */,
			);
			path = DataObject;
			sourceTree = "<group>";
		};
		C339870F28B055F800260687 /* DataService */ = {
			isa = PBXGroup;
			children = (
				C339871428B0570200260687 /* OpenWeatherDataService.swift */,
				C335D32F28B156E000D1E350 /* CityDataService.swift */,
			);
			path = DataService;
			sourceTree = "<group>";
		};
		C339871628B08E2800260687 /* Extension */ = {
			isa = PBXGroup;
			children = (
				C339871728B08E4E00260687 /* Extension.swift */,
			);
			path = Extension;
			sourceTree = "<group>";
		};
		C33A762928B0291A0094C3AD = {
			isa = PBXGroup;
			children = (
				C335D34628B193D900D1E350 /* README.md */,
				C335D34428B193B900D1E350 /* OpenWeather.gif */,
				C33A763428B0291A0094C3AD /* OpenWeatherApp */,
				C33A763328B0291A0094C3AD /* Products */,
			);
			sourceTree = "<group>";
		};
		C33A763328B0291A0094C3AD /* Products */ = {
			isa = PBXGroup;
			children = (
				C33A763228B0291A0094C3AD /* OpenWeatherApp.app */,
			);
			name = Products;
			sourceTree = "<group>";
		};
		C33A763428B0291A0094C3AD /* OpenWeatherApp */ = {
			isa = PBXGroup;
			children = (
				C335D34128B1726900D1E350 /* Info.plist */,
				C339871628B08E2800260687 /* Extension */,
				C339870F28B055F800260687 /* DataService */,
				C339870E28B055EE00260687 /* DataObject */,
				C339870D28B055E600260687 /* View */,
				C33A763528B0291A0094C3AD /* OpenWeatherAppApp.swift */,
				C33A763728B0291A0094C3AD /* MainView.swift */,
				C33A763928B029200094C3AD /* Assets.xcassets */,
				C33A763B28B029200094C3AD /* Preview Content */,
			);
			path = OpenWeatherApp;
			sourceTree = "<group>";
		};
		C33A763B28B029200094C3AD /* Preview Content */ = {
			isa = PBXGroup;
			children = (
				C33A763C28B029200094C3AD /* Preview Assets.xcassets */,
			);
			path = "Preview Content";
			sourceTree = "<group>";
		};
/* End PBXGroup section */

/* Begin PBXNativeTarget section */
		C33A763128B0291A0094C3AD /* OpenWeatherApp */ = {
			isa = PBXNativeTarget;
			buildConfigurationList = C33A764028B029200094C3AD /* Build configuration list for PBXNativeTarget "OpenWeatherApp" */;
			buildPhases = (
				C33A762E28B0291A0094C3AD /* Sources */,
				C33A762F28B0291A0094C3AD /* Frameworks */,
				C33A763028B0291A0094C3AD /* Resources */,
			);
			buildRules = (
			);
			dependencies = (
			);
			name = OpenWeatherApp;
			productName = OpenWeatherApp;
			productReference = C33A763228B0291A0094C3AD /* OpenWeatherApp.app */;
			productType = "com.apple.product-type.application";
		};
/* End PBXNativeTarget section */

/* Begin PBXProject section */
		C33A762A28B0291A0094C3AD /* Project object */ = {
			isa = PBXProject;
			attributes = {
				BuildIndependentTargetsInParallel = 1;
				LastSwiftUpdateCheck = 1400;
				LastUpgradeCheck = 1400;
				TargetAttributes = {
					C33A763128B0291A0094C3AD = {
						CreatedOnToolsVersion = 14.0;
					};
				};
			};
			buildConfigurationList = C33A762D28B0291A0094C3AD /* Build configuration list for PBXProject "OpenWeatherApp" */;
			compatibilityVersion = "Xcode 14.0";
			developmentRegion = en;
			hasScannedForEncodings = 0;
			knownRegions = (
				en,
				Base,
			);
			mainGroup = C33A762928B0291A0094C3AD;
			productRefGroup = C33A763328B0291A0094C3AD /* Products */;
			projectDirPath = "";
			projectRoot = "";
			targets = (
				C33A763128B0291A0094C3AD /* OpenWeatherApp */,
			);
		};
/* End PBXProject section */

/* Begin PBXResourcesBuildPhase section */
		C33A763028B0291A0094C3AD /* Resources */ = {
			isa = PBXResourcesBuildPhase;
			buildActionMask = 2147483647;
			files = (
				C33A763D28B029200094C3AD /* Preview Assets.xcassets in Resources */,
				C335D34528B193B900D1E350 /* OpenWeather.gif in Resources */,
				C33A763A28B029200094C3AD /* Assets.xcassets in Resources */,
			);
			runOnlyForDeploymentPostprocessing = 0;
		};
/* End PBXResourcesBuildPhase section */

/* Begin PBXSourcesBuildPhase section */
		C33A762E28B0291A0094C3AD /* Sources */ = {
			isa = PBXSourcesBuildPhase;
			buildActionMask = 2147483647;
			files = (
				C339871128B0564D00260687 /* WeatherView.swift in Sources */,
				C339871528B0570200260687 /* OpenWeatherDataService.swift in Sources */,
				C335D34328B1758F00D1E350 /* WeatherEmptyView.swift in Sources */,
				C33A763828B0291A0094C3AD /* MainView.swift in Sources */,
				C335D33C28B15A6C00D1E350 /* CityListView.swift in Sources */,
				C335D33A28B159F100D1E350 /* CityInfoView.swift in Sources */,
				C335D33E28B164EA00D1E350 /* CityEmptyListView.swift in Sources */,
				C335D34028B165FE00D1E350 /* CityMainView.swift in Sources */,
				C335D33628B1584000D1E350 /* MapView.swift in Sources */,
				C339871828B08E4E00260687 /* Extension.swift in Sources */,
				C335D33428B157CC00D1E350 /* CityDetailView.swift in Sources */,
				C335D33028B156E000D1E350 /* CityDataService.swift in Sources */,
				C335D33228B1577C00D1E350 /* SearchBar.swift in Sources */,
				C339871328B056D200260687 /* OpenWeather.swift in Sources */,
				C335D33828B1592E00D1E350 /* CitySearchView.swift in Sources */,
				C33A763628B0291A0094C3AD /* OpenWeatherAppApp.swift in Sources */,
				C335D32E28B1495900D1E350 /* City.swift in Sources */,
			);
			runOnlyForDeploymentPostprocessing = 0;
		};
/* End PBXSourcesBuildPhase section */

/* Begin XCBuildConfiguration section */
		C33A763E28B029200094C3AD /* Debug */ = {
			isa = XCBuildConfiguration;
			buildSettings = {
				ALWAYS_SEARCH_USER_PATHS = NO;
				CLANG_ANALYZER_NONNULL = YES;
				CLANG_ANALYZER_NUMBER_OBJECT_CONVERSION = YES_AGGRESSIVE;
				CLANG_CXX_LANGUAGE_STANDARD = "gnu++20";
				CLANG_ENABLE_MODULES = YES;
				CLANG_ENABLE_OBJC_ARC = YES;
				CLANG_ENABLE_OBJC_WEAK = YES;
				CLANG_WARN_BLOCK_CAPTURE_AUTORELEASING = YES;
				CLANG_WARN_BOOL_CONVERSION = YES;
				CLANG_WARN_COMMA = YES;
				CLANG_WARN_CONSTANT_CONVERSION = YES;
				CLANG_WARN_DEPRECATED_OBJC_IMPLEMENTATIONS = YES;
				CLANG_WARN_DIRECT_OBJC_ISA_USAGE = YES_ERROR;
				CLANG_WARN_DOCUMENTATION_COMMENTS = YES;
				CLANG_WARN_EMPTY_BODY = YES;
				CLANG_WARN_ENUM_CONVERSION = YES;
				CLANG_WARN_INFINITE_RECURSION = YES;
				CLANG_WARN_INT_CONVERSION = YES;
				CLANG_WARN_NON_LITERAL_NULL_CONVERSION = YES;
				CLANG_WARN_OBJC_IMPLICIT_RETAIN_SELF = YES;
				CLANG_WARN_OBJC_LITERAL_CONVERSION = YES;
				CLANG_WARN_OBJC_ROOT_CLASS = YES_ERROR;
				CLANG_WARN_QUOTED_INCLUDE_IN_FRAMEWORK_HEADER = YES;
				CLANG_WARN_RANGE_LOOP_ANALYSIS = YES;
				CLANG_WARN_STRICT_PROTOTYPES = YES;
				CLANG_WARN_SUSPICIOUS_MOVE = YES;
				CLANG_WARN_UNGUARDED_AVAILABILITY = YES_AGGRESSIVE;
				CLANG_WARN_UNREACHABLE_CODE = YES;
				CLANG_WARN__DUPLICATE_METHOD_MATCH = YES;
				COPY_PHASE_STRIP = NO;
				DEBUG_INFORMATION_FORMAT = dwarf;
				ENABLE_STRICT_OBJC_MSGSEND = YES;
				ENABLE_TESTABILITY = YES;
				GCC_C_LANGUAGE_STANDARD = gnu11;
				GCC_DYNAMIC_NO_PIC = NO;
				GCC_NO_COMMON_BLOCKS = YES;
				GCC_OPTIMIZATION_LEVEL = 0;
				GCC_PREPROCESSOR_DEFINITIONS = (
					"DEBUG=1",
					"$(inherited)",
				);
				GCC_WARN_64_TO_32_BIT_CONVERSION = YES;
				GCC_WARN_ABOUT_RETURN_TYPE = YES_ERROR;
				GCC_WARN_UNDECLARED_SELECTOR = YES;
				GCC_WARN_UNINITIALIZED_AUTOS = YES_AGGRESSIVE;
				GCC_WARN_UNUSED_FUNCTION = YES;
				GCC_WARN_UNUSED_VARIABLE = YES;
				IPHONEOS_DEPLOYMENT_TARGET = 16.0;
				MTL_ENABLE_DEBUG_INFO = INCLUDE_SOURCE;
				MTL_FAST_MATH = YES;
				ONLY_ACTIVE_ARCH = YES;
				SDKROOT = iphoneos;
				SWIFT_ACTIVE_COMPILATION_CONDITIONS = DEBUG;
				SWIFT_OPTIMIZATION_LEVEL = "-Onone";
			};
			name = Debug;
		};
		C33A763F28B029200094C3AD /* Release */ = {
			isa = XCBuildConfiguration;
			buildSettings = {
				ALWAYS_SEARCH_USER_PATHS = NO;
				CLANG_ANALYZER_NONNULL = YES;
				CLANG_ANALYZER_NUMBER_OBJECT_CONVERSION = YES_AGGRESSIVE;
				CLANG_CXX_LANGUAGE_STANDARD = "gnu++20";
				CLANG_ENABLE_MODULES = YES;
				CLANG_ENABLE_OBJC_ARC = YES;
				CLANG_ENABLE_OBJC_WEAK = YES;
				CLANG_WARN_BLOCK_CAPTURE_AUTORELEASING = YES;
				CLANG_WARN_BOOL_CONVERSION = YES;
				CLANG_WARN_COMMA = YES;
				CLANG_WARN_CONSTANT_CONVERSION = YES;
				CLANG_WARN_DEPRECATED_OBJC_IMPLEMENTATIONS = YES;
				CLANG_WARN_DIRECT_OBJC_ISA_USAGE = YES_ERROR;
				CLANG_WARN_DOCUMENTATION_COMMENTS = YES;
				CLANG_WARN_EMPTY_BODY = YES;
				CLANG_WARN_ENUM_CONVERSION = YES;
				CLANG_WARN_INFINITE_RECURSION = YES;
				CLANG_WARN_INT_CONVERSION = YES;
				CLANG_WARN_NON_LITERAL_NULL_CONVERSION = YES;
				CLANG_WARN_OBJC_IMPLICIT_RETAIN_SELF = YES;
				CLANG_WARN_OBJC_LITERAL_CONVERSION = YES;
				CLANG_WARN_OBJC_ROOT_CLASS = YES_ERROR;
				CLANG_WARN_QUOTED_INCLUDE_IN_FRAMEWORK_HEADER = YES;
				CLANG_WARN_RANGE_LOOP_ANALYSIS = YES;
				CLANG_WARN_STRICT_PROTOTYPES = YES;
				CLANG_WARN_SUSPICIOUS_MOVE = YES;
				CLANG_WARN_UNGUARDED_AVAILABILITY = YES_AGGRESSIVE;
				CLANG_WARN_UNREACHABLE_CODE = YES;
				CLANG_WARN__DUPLICATE_METHOD_MATCH = YES;
				COPY_PHASE_STRIP = NO;
				DEBUG_INFORMATION_FORMAT = "dwarf-with-dsym";
				ENABLE_NS_ASSERTIONS = NO;
				ENABLE_STRICT_OBJC_MSGSEND = YES;
				GCC_C_LANGUAGE_STANDARD = gnu11;
				GCC_NO_COMMON_BLOCKS = YES;
				GCC_WARN_64_TO_32_BIT_CONVERSION = YES;
				GCC_WARN_ABOUT_RETURN_TYPE = YES_ERROR;
				GCC_WARN_UNDECLARED_SELECTOR = YES;
				GCC_WARN_UNINITIALIZED_AUTOS = YES_AGGRESSIVE;
				GCC_WARN_UNUSED_FUNCTION = YES;
				GCC_WARN_UNUSED_VARIABLE = YES;
				IPHONEOS_DEPLOYMENT_TARGET = 16.0;
				MTL_ENABLE_DEBUG_INFO = NO;
				MTL_FAST_MATH = YES;
				SDKROOT = iphoneos;
				SWIFT_COMPILATION_MODE = wholemodule;
				SWIFT_OPTIMIZATION_LEVEL = "-O";
				VALIDATE_PRODUCT = YES;
			};
			name = Release;
		};
		C33A764128B029200094C3AD /* Debug */ = {
			isa = XCBuildConfiguration;
			buildSettings = {
				ASSETCATALOG_COMPILER_APPICON_NAME = AppIcon;
				ASSETCATALOG_COMPILER_GLOBAL_ACCENT_COLOR_NAME = AccentColor;
				CODE_SIGN_STYLE = Automatic;
				CURRENT_PROJECT_VERSION = 1;
				DEVELOPMENT_ASSET_PATHS = "\"OpenWeatherApp/Preview Content\"";
				DEVELOPMENT_TEAM = MA5BADG5AW;
				ENABLE_PREVIEWS = YES;
				GENERATE_INFOPLIST_FILE = YES;
				INFOPLIST_FILE = OpenWeatherApp/Info.plist;
				INFOPLIST_KEY_LSApplicationCategoryType = "";
				INFOPLIST_KEY_UIApplicationSceneManifest_Generation = YES;
				INFOPLIST_KEY_UIApplicationSupportsIndirectInputEvents = YES;
				INFOPLIST_KEY_UILaunchScreen_Generation = YES;
				INFOPLIST_KEY_UISupportedInterfaceOrientations_iPad = "UIInterfaceOrientationPortrait UIInterfaceOrientationPortraitUpsideDown UIInterfaceOrientationLandscapeLeft UIInterfaceOrientationLandscapeRight";
				INFOPLIST_KEY_UISupportedInterfaceOrientations_iPhone = "UIInterfaceOrientationPortrait UIInterfaceOrientationLandscapeLeft UIInterfaceOrientationLandscapeRight";
				LD_RUNPATH_SEARCH_PATHS = (
					"$(inherited)",
					"@executable_path/Frameworks",
				);
				MARKETING_VERSION = 1.0;
				PRODUCT_BUNDLE_IDENTIFIER = com.gazapps.OpenWeatherApp;
				PRODUCT_NAME = "$(TARGET_NAME)";
				SWIFT_EMIT_LOC_STRINGS = YES;
				SWIFT_VERSION = 5.0;
				TARGETED_DEVICE_FAMILY = "1,2";
			};
			name = Debug;
		};
		C33A764228B029200094C3AD /* Release */ = {
			isa = XCBuildConfiguration;
			buildSettings = {
				ASSETCATALOG_COMPILER_APPICON_NAME = AppIcon;
				ASSETCATALOG_COMPILER_GLOBAL_ACCENT_COLOR_NAME = AccentColor;
				CODE_SIGN_STYLE = Automatic;
				CURRENT_PROJECT_VERSION = 1;
				DEVELOPMENT_ASSET_PATHS = "\"OpenWeatherApp/Preview Content\"";
				DEVELOPMENT_TEAM = MA5BADG5AW;
				ENABLE_PREVIEWS = YES;
				GENERATE_INFOPLIST_FILE = YES;
				INFOPLIST_FILE = OpenWeatherApp/Info.plist;
				INFOPLIST_KEY_LSApplicationCategoryType = "";
				INFOPLIST_KEY_UIApplicationSceneManifest_Generation = YES;
				INFOPLIST_KEY_UIApplicationSupportsIndirectInputEvents = YES;
				INFOPLIST_KEY_UILaunchScreen_Generation = YES;
				INFOPLIST_KEY_UISupportedInterfaceOrientations_iPad = "UIInterfaceOrientationPortrait UIInterfaceOrientationPortraitUpsideDown UIInterfaceOrientationLandscapeLeft UIInterfaceOrientationLandscapeRight";
				INFOPLIST_KEY_UISupportedInterfaceOrientations_iPhone = "UIInterfaceOrientationPortrait UIInterfaceOrientationLandscapeLeft UIInterfaceOrientationLandscapeRight";
				LD_RUNPATH_SEARCH_PATHS = (
					"$(inherited)",
					"@executable_path/Frameworks",
				);
				MARKETING_VERSION = 1.0;
				PRODUCT_BUNDLE_IDENTIFIER = com.gazapps.OpenWeatherApp;
				PRODUCT_NAME = "$(TARGET_NAME)";
				SWIFT_EMIT_LOC_STRINGS = YES;
				SWIFT_VERSION = 5.0;
				TARGETED_DEVICE_FAMILY = "1,2";
			};
			name = Release;
		};
/* End XCBuildConfiguration section */

/* Begin XCConfigurationList section */
		C33A762D28B0291A0094C3AD /* Build configuration list for PBXProject "OpenWeatherApp" */ = {
			isa = XCConfigurationList;
			buildConfigurations = (
				C33A763E28B029200094C3AD /* Debug */,
				C33A763F28B029200094C3AD /* Release */,
			);
			defaultConfigurationIsVisible = 0;
			defaultConfigurationName = Release;
		};
		C33A764028B029200094C3AD /* Build configuration list for PBXNativeTarget "OpenWeatherApp" */ = {
			isa = XCConfigurationList;
			buildConfigurations = (
				C33A764128B029200094C3AD /* Debug */,
				C33A764228B029200094C3AD /* Release */,
			);
			defaultConfigurationIsVisible = 0;
			defaultConfigurationName = Release;
		};
/* End XCConfigurationList section */
	};
	rootObject = C33A762A28B0291A0094C3AD /* Project object */;
}
